// !$*UTF8*$!
{
	archiveVersion = 1;
	classes = {
	};
	objectVersion = 46;
	objects = {

/* Begin PBXBuildFile section */
		0758B34B668794B36C7FF3E7 /* Pods_FastlaneExampleUITests.framework in Frameworks */ = {isa = PBXBuildFile; fileRef = 35B662B24A89C84D7D991901 /* Pods_FastlaneExampleUITests.framework */; };
		3000785C1EDDAB8F000C1649 /* ivanbruel.json in Resources */ = {isa = PBXBuildFile; fileRef = 3000785B1EDDAB8F000C1649 /* ivanbruel.json */; };
		3000785E1EDDAC91000C1649 /* JSONReader.swift in Sources */ = {isa = PBXBuildFile; fileRef = 3000785D1EDDAC91000C1649 /* JSONReader.swift */; };
		3000785F1EDDAC91000C1649 /* JSONReader.swift in Sources */ = {isa = PBXBuildFile; fileRef = 3000785D1EDDAC91000C1649 /* JSONReader.swift */; };
		300078661EDDB439000C1649 /* RepositoryItemViewModelTests.swift in Sources */ = {isa = PBXBuildFile; fileRef = 300078651EDDB439000C1649 /* RepositoryItemViewModelTests.swift */; };
		300078671EDDB5AC000C1649 /* ivanbruel.json in Resources */ = {isa = PBXBuildFile; fileRef = 3000785B1EDDAB8F000C1649 /* ivanbruel.json */; };
		300078681EDDB603000C1649 /* Repository.swift in Sources */ = {isa = PBXBuildFile; fileRef = 30F0FD811EDD7B0F000E9A12 /* Repository.swift */; };
		300078691EDDB606000C1649 /* User.swift in Sources */ = {isa = PBXBuildFile; fileRef = 30F0FD7F1EDD7AEE000E9A12 /* User.swift */; };
		3000786A1EDDB61D000C1649 /* RepositoryItemViewModel.swift in Sources */ = {isa = PBXBuildFile; fileRef = 30F0FD8D1EDD827F000E9A12 /* RepositoryItemViewModel.swift */; };
		30F0FD481EDD6FE6000E9A12 /* AppDelegate.swift in Sources */ = {isa = PBXBuildFile; fileRef = 30F0FD471EDD6FE6000E9A12 /* AppDelegate.swift */; };
		30F0FD4A1EDD6FE6000E9A12 /* RepositoriesViewController.swift in Sources */ = {isa = PBXBuildFile; fileRef = 30F0FD491EDD6FE6000E9A12 /* RepositoriesViewController.swift */; };
		30F0FD4F1EDD6FE6000E9A12 /* Assets.xcassets in Resources */ = {isa = PBXBuildFile; fileRef = 30F0FD4E1EDD6FE6000E9A12 /* Assets.xcassets */; };
		30F0FD521EDD6FE6000E9A12 /* LaunchScreen.storyboard in Resources */ = {isa = PBXBuildFile; fileRef = 30F0FD501EDD6FE6000E9A12 /* LaunchScreen.storyboard */; };
		30F0FD5D1EDD6FE6000E9A12 /* RepositoryTests.swift in Sources */ = {isa = PBXBuildFile; fileRef = 30F0FD5C1EDD6FE6000E9A12 /* RepositoryTests.swift */; };
		30F0FD681EDD6FE6000E9A12 /* FastlaneExampleUITests.swift in Sources */ = {isa = PBXBuildFile; fileRef = 30F0FD671EDD6FE6000E9A12 /* FastlaneExampleUITests.swift */; };
		30F0FD761EDD71F3000E9A12 /* GitHub.swift in Sources */ = {isa = PBXBuildFile; fileRef = 30F0FD751EDD71F3000E9A12 /* GitHub.swift */; };
		30F0FD781EDD736D000E9A12 /* Networking.swift in Sources */ = {isa = PBXBuildFile; fileRef = 30F0FD771EDD736D000E9A12 /* Networking.swift */; };
		30F0FD7C1EDD74AF000E9A12 /* String+UrlEscape.swift in Sources */ = {isa = PBXBuildFile; fileRef = 30F0FD7B1EDD74AF000E9A12 /* String+UrlEscape.swift */; };
		30F0FD801EDD7AEE000E9A12 /* User.swift in Sources */ = {isa = PBXBuildFile; fileRef = 30F0FD7F1EDD7AEE000E9A12 /* User.swift */; };
		30F0FD821EDD7B0F000E9A12 /* Repository.swift in Sources */ = {isa = PBXBuildFile; fileRef = 30F0FD811EDD7B0F000E9A12 /* Repository.swift */; };
		30F0FD861EDD7EDA000E9A12 /* RepositoriesViewModel.swift in Sources */ = {isa = PBXBuildFile; fileRef = 30F0FD851EDD7EDA000E9A12 /* RepositoriesViewModel.swift */; };
		30F0FD891EDD8041000E9A12 /* RepositoriesError.swift in Sources */ = {isa = PBXBuildFile; fileRef = 30F0FD881EDD8041000E9A12 /* RepositoriesError.swift */; };
		30F0FD8C1EDD80A9000E9A12 /* Localizable.strings in Resources */ = {isa = PBXBuildFile; fileRef = 30F0FD8B1EDD80A9000E9A12 /* Localizable.strings */; };
		30F0FD8E1EDD827F000E9A12 /* RepositoryItemViewModel.swift in Sources */ = {isa = PBXBuildFile; fileRef = 30F0FD8D1EDD827F000E9A12 /* RepositoryItemViewModel.swift */; };
		30F0FD911EDDA70A000E9A12 /* DetailTableViewCell.swift in Sources */ = {isa = PBXBuildFile; fileRef = 30F0FD901EDDA70A000E9A12 /* DetailTableViewCell.swift */; };
		B3CC521CB40A6B4E02E1F253 /* Pods_FastlaneExample.framework in Frameworks */ = {isa = PBXBuildFile; fileRef = 3666BC94CE71B728FB27A0BA /* Pods_FastlaneExample.framework */; };
		FF271841ABF3809ED8BF5655 /* Pods_FastlaneExampleTests.framework in Frameworks */ = {isa = PBXBuildFile; fileRef = 44AF3AFE8D0A2E10E7A7D1E8 /* Pods_FastlaneExampleTests.framework */; };
/* End PBXBuildFile section */

/* Begin PBXContainerItemProxy section */
		30F0FD641EDD6FE6000E9A12 /* PBXContainerItemProxy */ = {
			isa = PBXContainerItemProxy;
			containerPortal = 30F0FD3C1EDD6FE5000E9A12 /* Project object */;
			proxyType = 1;
			remoteGlobalIDString = 30F0FD431EDD6FE5000E9A12;
			remoteInfo = FastlaneExample;
		};
/* End PBXContainerItemProxy section */

/* Begin PBXFileReference section */
		3000785B1EDDAB8F000C1649 /* ivanbruel.json */ = {isa = PBXFileReference; fileEncoding = 4; lastKnownFileType = text.json; path = ivanbruel.json; sourceTree = "<group>"; };
		3000785D1EDDAC91000C1649 /* JSONReader.swift */ = {isa = PBXFileReference; fileEncoding = 4; lastKnownFileType = sourcecode.swift; path = JSONReader.swift; sourceTree = "<group>"; };
		300078651EDDB439000C1649 /* RepositoryItemViewModelTests.swift */ = {isa = PBXFileReference; fileEncoding = 4; lastKnownFileType = sourcecode.swift; path = RepositoryItemViewModelTests.swift; sourceTree = "<group>"; };
		30F0FD441EDD6FE6000E9A12 /* FastlaneExample.app */ = {isa = PBXFileReference; explicitFileType = wrapper.application; includeInIndex = 0; path = FastlaneExample.app; sourceTree = BUILT_PRODUCTS_DIR; };
		30F0FD471EDD6FE6000E9A12 /* AppDelegate.swift */ = {isa = PBXFileReference; lastKnownFileType = sourcecode.swift; path = AppDelegate.swift; sourceTree = "<group>"; };
		30F0FD491EDD6FE6000E9A12 /* RepositoriesViewController.swift */ = {isa = PBXFileReference; lastKnownFileType = sourcecode.swift; path = RepositoriesViewController.swift; sourceTree = "<group>"; };
		30F0FD4E1EDD6FE6000E9A12 /* Assets.xcassets */ = {isa = PBXFileReference; lastKnownFileType = folder.assetcatalog; path = Assets.xcassets; sourceTree = "<group>"; };
		30F0FD511EDD6FE6000E9A12 /* Base */ = {isa = PBXFileReference; lastKnownFileType = file.storyboard; name = Base; path = Base.lproj/LaunchScreen.storyboard; sourceTree = "<group>"; };
		30F0FD531EDD6FE6000E9A12 /* Info.plist */ = {isa = PBXFileReference; lastKnownFileType = text.plist.xml; path = Info.plist; sourceTree = "<group>"; };
		30F0FD581EDD6FE6000E9A12 /* FastlaneExampleTests.xctest */ = {isa = PBXFileReference; explicitFileType = wrapper.cfbundle; includeInIndex = 0; path = FastlaneExampleTests.xctest; sourceTree = BUILT_PRODUCTS_DIR; };
		30F0FD5C1EDD6FE6000E9A12 /* RepositoryTests.swift */ = {isa = PBXFileReference; lastKnownFileType = sourcecode.swift; path = RepositoryTests.swift; sourceTree = "<group>"; };
		30F0FD5E1EDD6FE6000E9A12 /* Info.plist */ = {isa = PBXFileReference; lastKnownFileType = text.plist.xml; path = Info.plist; sourceTree = "<group>"; };
		30F0FD631EDD6FE6000E9A12 /* FastlaneExampleUITests.xctest */ = {isa = PBXFileReference; explicitFileType = wrapper.cfbundle; includeInIndex = 0; path = FastlaneExampleUITests.xctest; sourceTree = BUILT_PRODUCTS_DIR; };
		30F0FD671EDD6FE6000E9A12 /* FastlaneExampleUITests.swift */ = {isa = PBXFileReference; lastKnownFileType = sourcecode.swift; path = FastlaneExampleUITests.swift; sourceTree = "<group>"; };
		30F0FD691EDD6FE6000E9A12 /* Info.plist */ = {isa = PBXFileReference; lastKnownFileType = text.plist.xml; path = Info.plist; sourceTree = "<group>"; };
		30F0FD751EDD71F3000E9A12 /* GitHub.swift */ = {isa = PBXFileReference; fileEncoding = 4; lastKnownFileType = sourcecode.swift; path = GitHub.swift; sourceTree = "<group>"; };
		30F0FD771EDD736D000E9A12 /* Networking.swift */ = {isa = PBXFileReference; fileEncoding = 4; lastKnownFileType = sourcecode.swift; path = Networking.swift; sourceTree = "<group>"; };
		30F0FD7B1EDD74AF000E9A12 /* String+UrlEscape.swift */ = {isa = PBXFileReference; fileEncoding = 4; lastKnownFileType = sourcecode.swift; path = "String+UrlEscape.swift"; sourceTree = "<group>"; };
		30F0FD7F1EDD7AEE000E9A12 /* User.swift */ = {isa = PBXFileReference; fileEncoding = 4; lastKnownFileType = sourcecode.swift; path = User.swift; sourceTree = "<group>"; };
		30F0FD811EDD7B0F000E9A12 /* Repository.swift */ = {isa = PBXFileReference; fileEncoding = 4; lastKnownFileType = sourcecode.swift; path = Repository.swift; sourceTree = "<group>"; };
		30F0FD851EDD7EDA000E9A12 /* RepositoriesViewModel.swift */ = {isa = PBXFileReference; fileEncoding = 4; lastKnownFileType = sourcecode.swift; path = RepositoriesViewModel.swift; sourceTree = "<group>"; };
		30F0FD881EDD8041000E9A12 /* RepositoriesError.swift */ = {isa = PBXFileReference; fileEncoding = 4; lastKnownFileType = sourcecode.swift; path = RepositoriesError.swift; sourceTree = "<group>"; };
		30F0FD8B1EDD80A9000E9A12 /* Localizable.strings */ = {isa = PBXFileReference; fileEncoding = 4; lastKnownFileType = text.plist.strings; path = Localizable.strings; sourceTree = "<group>"; };
		30F0FD8D1EDD827F000E9A12 /* RepositoryItemViewModel.swift */ = {isa = PBXFileReference; fileEncoding = 4; lastKnownFileType = sourcecode.swift; path = RepositoryItemViewModel.swift; sourceTree = "<group>"; };
		30F0FD901EDDA70A000E9A12 /* DetailTableViewCell.swift */ = {isa = PBXFileReference; fileEncoding = 4; lastKnownFileType = sourcecode.swift; path = DetailTableViewCell.swift; sourceTree = "<group>"; };
		35B662B24A89C84D7D991901 /* Pods_FastlaneExampleUITests.framework */ = {isa = PBXFileReference; explicitFileType = wrapper.framework; includeInIndex = 0; path = Pods_FastlaneExampleUITests.framework; sourceTree = BUILT_PRODUCTS_DIR; };
		3666BC94CE71B728FB27A0BA /* Pods_FastlaneExample.framework */ = {isa = PBXFileReference; explicitFileType = wrapper.framework; includeInIndex = 0; path = Pods_FastlaneExample.framework; sourceTree = BUILT_PRODUCTS_DIR; };
		3D6DAC84EEE5C5032B4D7163 /* Pods-FastlaneExampleTests.debug.xcconfig */ = {isa = PBXFileReference; includeInIndex = 1; lastKnownFileType = text.xcconfig; name = "Pods-FastlaneExampleTests.debug.xcconfig"; path = "Pods/Target Support Files/Pods-FastlaneExampleTests/Pods-FastlaneExampleTests.debug.xcconfig"; sourceTree = "<group>"; };
		44AF3AFE8D0A2E10E7A7D1E8 /* Pods_FastlaneExampleTests.framework */ = {isa = PBXFileReference; explicitFileType = wrapper.framework; includeInIndex = 0; path = Pods_FastlaneExampleTests.framework; sourceTree = BUILT_PRODUCTS_DIR; };
		7A8F6422CA9909B22F95E19C /* Pods-FastlaneExampleTests.release.xcconfig */ = {isa = PBXFileReference; includeInIndex = 1; lastKnownFileType = text.xcconfig; name = "Pods-FastlaneExampleTests.release.xcconfig"; path = "Pods/Target Support Files/Pods-FastlaneExampleTests/Pods-FastlaneExampleTests.release.xcconfig"; sourceTree = "<group>"; };
		8F1E4BBB6BFF9D6ED69D78F8 /* Pods-FastlaneExampleUITests.release.xcconfig */ = {isa = PBXFileReference; includeInIndex = 1; lastKnownFileType = text.xcconfig; name = "Pods-FastlaneExampleUITests.release.xcconfig"; path = "Pods/Target Support Files/Pods-FastlaneExampleUITests/Pods-FastlaneExampleUITests.release.xcconfig"; sourceTree = "<group>"; };
		DC08A3DAA8422475C7788F41 /* Pods-FastlaneExampleUITests.debug.xcconfig */ = {isa = PBXFileReference; includeInIndex = 1; lastKnownFileType = text.xcconfig; name = "Pods-FastlaneExampleUITests.debug.xcconfig"; path = "Pods/Target Support Files/Pods-FastlaneExampleUITests/Pods-FastlaneExampleUITests.debug.xcconfig"; sourceTree = "<group>"; };
		DFEDAA2A2C507BD68DB1DCDB /* Pods-FastlaneExample.debug.xcconfig */ = {isa = PBXFileReference; includeInIndex = 1; lastKnownFileType = text.xcconfig; name = "Pods-FastlaneExample.debug.xcconfig"; path = "Pods/Target Support Files/Pods-FastlaneExample/Pods-FastlaneExample.debug.xcconfig"; sourceTree = "<group>"; };
		EBEBF8158CA5D5370582D9B1 /* Pods-FastlaneExample.release.xcconfig */ = {isa = PBXFileReference; includeInIndex = 1; lastKnownFileType = text.xcconfig; name = "Pods-FastlaneExample.release.xcconfig"; path = "Pods/Target Support Files/Pods-FastlaneExample/Pods-FastlaneExample.release.xcconfig"; sourceTree = "<group>"; };
/* End PBXFileReference section */

/* Begin PBXFrameworksBuildPhase section */
		30F0FD411EDD6FE5000E9A12 /* Frameworks */ = {
			isa = PBXFrameworksBuildPhase;
			buildActionMask = 2147483647;
			files = (
				B3CC521CB40A6B4E02E1F253 /* Pods_FastlaneExample.framework in Frameworks */,
			);
			runOnlyForDeploymentPostprocessing = 0;
		};
		30F0FD551EDD6FE6000E9A12 /* Frameworks */ = {
			isa = PBXFrameworksBuildPhase;
			buildActionMask = 2147483647;
			files = (
				FF271841ABF3809ED8BF5655 /* Pods_FastlaneExampleTests.framework in Frameworks */,
			);
			runOnlyForDeploymentPostprocessing = 0;
		};
		30F0FD601EDD6FE6000E9A12 /* Frameworks */ = {
			isa = PBXFrameworksBuildPhase;
			buildActionMask = 2147483647;
			files = (
				0758B34B668794B36C7FF3E7 /* Pods_FastlaneExampleUITests.framework in Frameworks */,
			);
			runOnlyForDeploymentPostprocessing = 0;
		};
/* End PBXFrameworksBuildPhase section */

/* Begin PBXGroup section */
		12D62E57C1EB3F1C97EDAF40 /* Frameworks */ = {
			isa = PBXGroup;
			children = (
				3666BC94CE71B728FB27A0BA /* Pods_FastlaneExample.framework */,
				44AF3AFE8D0A2E10E7A7D1E8 /* Pods_FastlaneExampleTests.framework */,
				35B662B24A89C84D7D991901 /* Pods_FastlaneExampleUITests.framework */,
			);
			name = Frameworks;
			sourceTree = "<group>";
		};
		300078611EDDB113000C1649 /* Helpers */ = {
			isa = PBXGroup;
			children = (
				3000785D1EDDAC91000C1649 /* JSONReader.swift */,
			);
			path = Helpers;
			sourceTree = "<group>";
		};
		30F0FD3B1EDD6FE5000E9A12 = {
			isa = PBXGroup;
			children = (
				30F0FD461EDD6FE6000E9A12 /* FastlaneExample */,
				30F0FD5B1EDD6FE6000E9A12 /* FastlaneExampleTests */,
				30F0FD661EDD6FE6000E9A12 /* FastlaneExampleUITests */,
				30F0FD451EDD6FE6000E9A12 /* Products */,
				F7ADBEBA0A0558802008D453 /* Pods */,
				12D62E57C1EB3F1C97EDAF40 /* Frameworks */,
			);
			indentWidth = 2;
			sourceTree = "<group>";
			tabWidth = 2;
		};
		30F0FD451EDD6FE6000E9A12 /* Products */ = {
			isa = PBXGroup;
			children = (
				30F0FD441EDD6FE6000E9A12 /* FastlaneExample.app */,
				30F0FD581EDD6FE6000E9A12 /* FastlaneExampleTests.xctest */,
				30F0FD631EDD6FE6000E9A12 /* FastlaneExampleUITests.xctest */,
			);
			name = Products;
			sourceTree = "<group>";
		};
		30F0FD461EDD6FE6000E9A12 /* FastlaneExample */ = {
			isa = PBXGroup;
			children = (
				30F0FD7D1EDD7AD8000E9A12 /* App */,
				30F0FD871EDD8031000E9A12 /* Errors */,
				30F0FD7A1EDD74A0000E9A12 /* Extensions */,
				300078611EDDB113000C1649 /* Helpers */,
				30F0FD7E1EDD7AE5000E9A12 /* Models */,
				30F0FD791EDD7494000E9A12 /* Networking */,
				30F0FD8A1EDD808E000E9A12 /* Resources */,
				30F0FD831EDD7DDA000E9A12 /* ViewControllers */,
				30F0FD841EDD7EC9000E9A12 /* ViewModels */,
				30F0FD8F1EDDA702000E9A12 /* Views */,
			);
			path = FastlaneExample;
			sourceTree = "<group>";
		};
		30F0FD5B1EDD6FE6000E9A12 /* FastlaneExampleTests */ = {
			isa = PBXGroup;
			children = (
				30F0FD5E1EDD6FE6000E9A12 /* Info.plist */,
				300078651EDDB439000C1649 /* RepositoryItemViewModelTests.swift */,
				30F0FD5C1EDD6FE6000E9A12 /* RepositoryTests.swift */,
			);
			path = FastlaneExampleTests;
			sourceTree = "<group>";
		};
		30F0FD661EDD6FE6000E9A12 /* FastlaneExampleUITests */ = {
			isa = PBXGroup;
			children = (
				30F0FD671EDD6FE6000E9A12 /* FastlaneExampleUITests.swift */,
				30F0FD691EDD6FE6000E9A12 /* Info.plist */,
			);
			path = FastlaneExampleUITests;
			sourceTree = "<group>";
		};
		30F0FD791EDD7494000E9A12 /* Networking */ = {
			isa = PBXGroup;
			children = (
				30F0FD751EDD71F3000E9A12 /* GitHub.swift */,
				30F0FD771EDD736D000E9A12 /* Networking.swift */,
			);
			path = Networking;
			sourceTree = "<group>";
		};
		30F0FD7A1EDD74A0000E9A12 /* Extensions */ = {
			isa = PBXGroup;
			children = (
				30F0FD7B1EDD74AF000E9A12 /* String+UrlEscape.swift */,
			);
			path = Extensions;
			sourceTree = "<group>";
		};
		30F0FD7D1EDD7AD8000E9A12 /* App */ = {
			isa = PBXGroup;
			children = (
				30F0FD471EDD6FE6000E9A12 /* AppDelegate.swift */,
			);
			path = App;
			sourceTree = "<group>";
		};
		30F0FD7E1EDD7AE5000E9A12 /* Models */ = {
			isa = PBXGroup;
			children = (
				30F0FD811EDD7B0F000E9A12 /* Repository.swift */,
				30F0FD7F1EDD7AEE000E9A12 /* User.swift */,
			);
			path = Models;
			sourceTree = "<group>";
		};
		30F0FD831EDD7DDA000E9A12 /* ViewControllers */ = {
			isa = PBXGroup;
			children = (
				30F0FD491EDD6FE6000E9A12 /* RepositoriesViewController.swift */,
			);
			path = ViewControllers;
			sourceTree = "<group>";
		};
		30F0FD841EDD7EC9000E9A12 /* ViewModels */ = {
			isa = PBXGroup;
			children = (
				30F0FD851EDD7EDA000E9A12 /* RepositoriesViewModel.swift */,
				30F0FD8D1EDD827F000E9A12 /* RepositoryItemViewModel.swift */,
			);
			path = ViewModels;
			sourceTree = "<group>";
		};
		30F0FD871EDD8031000E9A12 /* Errors */ = {
			isa = PBXGroup;
			children = (
				30F0FD881EDD8041000E9A12 /* RepositoriesError.swift */,
			);
			path = Errors;
			sourceTree = "<group>";
		};
		30F0FD8A1EDD808E000E9A12 /* Resources */ = {
			isa = PBXGroup;
			children = (
				30F0FD4E1EDD6FE6000E9A12 /* Assets.xcassets */,
				30F0FD531EDD6FE6000E9A12 /* Info.plist */,
				30F0FD501EDD6FE6000E9A12 /* LaunchScreen.storyboard */,
				30F0FD8B1EDD80A9000E9A12 /* Localizable.strings */,
				3000785B1EDDAB8F000C1649 /* ivanbruel.json */,
			);
			path = Resources;
			sourceTree = "<group>";
		};
		30F0FD8F1EDDA702000E9A12 /* Views */ = {
			isa = PBXGroup;
			children = (
				30F0FD901EDDA70A000E9A12 /* DetailTableViewCell.swift */,
			);
			path = Views;
			sourceTree = "<group>";
		};
		F7ADBEBA0A0558802008D453 /* Pods */ = {
			isa = PBXGroup;
			children = (
				DFEDAA2A2C507BD68DB1DCDB /* Pods-FastlaneExample.debug.xcconfig */,
				EBEBF8158CA5D5370582D9B1 /* Pods-FastlaneExample.release.xcconfig */,
				3D6DAC84EEE5C5032B4D7163 /* Pods-FastlaneExampleTests.debug.xcconfig */,
				7A8F6422CA9909B22F95E19C /* Pods-FastlaneExampleTests.release.xcconfig */,
				DC08A3DAA8422475C7788F41 /* Pods-FastlaneExampleUITests.debug.xcconfig */,
				8F1E4BBB6BFF9D6ED69D78F8 /* Pods-FastlaneExampleUITests.release.xcconfig */,
			);
			name = Pods;
			sourceTree = "<group>";
		};
/* End PBXGroup section */

/* Begin PBXNativeTarget section */
		30F0FD431EDD6FE5000E9A12 /* FastlaneExample */ = {
			isa = PBXNativeTarget;
			buildConfigurationList = 30F0FD6C1EDD6FE6000E9A12 /* Build configuration list for PBXNativeTarget "FastlaneExample" */;
			buildPhases = (
				D70C686F6C07B5C4A9F80871 /* [CP] Check Pods Manifest.lock */,
				300078741EDDC569000C1649 /* Swiftlint */,
				30F0FD401EDD6FE5000E9A12 /* Sources */,
				30F0FD411EDD6FE5000E9A12 /* Frameworks */,
				30F0FD421EDD6FE5000E9A12 /* Resources */,
				DBC9319D2181D3360BECCA95 /* [CP] Embed Pods Frameworks */,
				506BD6C3756CD270D1B20A95 /* [CP] Copy Pods Resources */,
			);
			buildRules = (
			);
			dependencies = (
			);
			name = FastlaneExample;
			productName = FastlaneExample;
			productReference = 30F0FD441EDD6FE6000E9A12 /* FastlaneExample.app */;
			productType = "com.apple.product-type.application";
		};
		30F0FD571EDD6FE6000E9A12 /* FastlaneExampleTests */ = {
			isa = PBXNativeTarget;
			buildConfigurationList = 30F0FD6F1EDD6FE6000E9A12 /* Build configuration list for PBXNativeTarget "FastlaneExampleTests" */;
			buildPhases = (
				F5AB7F557471D5FAAC58DD3A /* [CP] Check Pods Manifest.lock */,
				30F0FD541EDD6FE6000E9A12 /* Sources */,
				30F0FD551EDD6FE6000E9A12 /* Frameworks */,
				30F0FD561EDD6FE6000E9A12 /* Resources */,
				ECCEBA4E85BF30B993093DBC /* [CP] Embed Pods Frameworks */,
				48D62B437A694EA24980CA3A /* [CP] Copy Pods Resources */,
			);
			buildRules = (
			);
			dependencies = (
			);
			name = FastlaneExampleTests;
			productName = FastlaneExampleTests;
			productReference = 30F0FD581EDD6FE6000E9A12 /* FastlaneExampleTests.xctest */;
			productType = "com.apple.product-type.bundle.unit-test";
		};
		30F0FD621EDD6FE6000E9A12 /* FastlaneExampleUITests */ = {
			isa = PBXNativeTarget;
			buildConfigurationList = 30F0FD721EDD6FE6000E9A12 /* Build configuration list for PBXNativeTarget "FastlaneExampleUITests" */;
			buildPhases = (
				D4155D41B7550A154745A50D /* [CP] Check Pods Manifest.lock */,
				30F0FD5F1EDD6FE6000E9A12 /* Sources */,
				30F0FD601EDD6FE6000E9A12 /* Frameworks */,
				30F0FD611EDD6FE6000E9A12 /* Resources */,
				9163100E657F977DF97EA269 /* [CP] Embed Pods Frameworks */,
				3A74D1F01150E1C4FA849058 /* [CP] Copy Pods Resources */,
			);
			buildRules = (
			);
			dependencies = (
				30F0FD651EDD6FE6000E9A12 /* PBXTargetDependency */,
			);
			name = FastlaneExampleUITests;
			productName = FastlaneExampleUITests;
			productReference = 30F0FD631EDD6FE6000E9A12 /* FastlaneExampleUITests.xctest */;
			productType = "com.apple.product-type.bundle.ui-testing";
		};
/* End PBXNativeTarget section */

/* Begin PBXProject section */
		30F0FD3C1EDD6FE5000E9A12 /* Project object */ = {
			isa = PBXProject;
			attributes = {
				LastSwiftUpdateCheck = 0830;
				LastUpgradeCheck = 0830;
				ORGANIZATIONNAME = "Swift Aveiro";
				TargetAttributes = {
					30F0FD431EDD6FE5000E9A12 = {
						CreatedOnToolsVersion = 8.3.2;
						DevelopmentTeam = 995D5UJTTW;
						ProvisioningStyle = Manual;
					};
					30F0FD571EDD6FE6000E9A12 = {
						CreatedOnToolsVersion = 8.3.2;
						DevelopmentTeam = 995D5UJTTW;
						ProvisioningStyle = Automatic;
					};
					30F0FD621EDD6FE6000E9A12 = {
						CreatedOnToolsVersion = 8.3.2;
						DevelopmentTeam = 995D5UJTTW;
						ProvisioningStyle = Automatic;
						TestTargetID = 30F0FD431EDD6FE5000E9A12;
					};
				};
			};
			buildConfigurationList = 30F0FD3F1EDD6FE5000E9A12 /* Build configuration list for PBXProject "FastlaneExample" */;
			compatibilityVersion = "Xcode 3.2";
			developmentRegion = English;
			hasScannedForEncodings = 0;
			knownRegions = (
				en,
				Base,
			);
			mainGroup = 30F0FD3B1EDD6FE5000E9A12;
			productRefGroup = 30F0FD451EDD6FE6000E9A12 /* Products */;
			projectDirPath = "";
			projectRoot = "";
			targets = (
				30F0FD431EDD6FE5000E9A12 /* FastlaneExample */,
				30F0FD571EDD6FE6000E9A12 /* FastlaneExampleTests */,
				30F0FD621EDD6FE6000E9A12 /* FastlaneExampleUITests */,
			);
		};
/* End PBXProject section */

/* Begin PBXResourcesBuildPhase section */
		30F0FD421EDD6FE5000E9A12 /* Resources */ = {
			isa = PBXResourcesBuildPhase;
			buildActionMask = 2147483647;
			files = (
				30F0FD521EDD6FE6000E9A12 /* LaunchScreen.storyboard in Resources */,
				30F0FD8C1EDD80A9000E9A12 /* Localizable.strings in Resources */,
				300078671EDDB5AC000C1649 /* ivanbruel.json in Resources */,
				30F0FD4F1EDD6FE6000E9A12 /* Assets.xcassets in Resources */,
			);
			runOnlyForDeploymentPostprocessing = 0;
		};
		30F0FD561EDD6FE6000E9A12 /* Resources */ = {
			isa = PBXResourcesBuildPhase;
			buildActionMask = 2147483647;
			files = (
				3000785C1EDDAB8F000C1649 /* ivanbruel.json in Resources */,
			);
			runOnlyForDeploymentPostprocessing = 0;
		};
		30F0FD611EDD6FE6000E9A12 /* Resources */ = {
			isa = PBXResourcesBuildPhase;
			buildActionMask = 2147483647;
			files = (
			);
			runOnlyForDeploymentPostprocessing = 0;
		};
/* End PBXResourcesBuildPhase section */

/* Begin PBXShellScriptBuildPhase section */
		300078741EDDC569000C1649 /* Swiftlint */ = {
			isa = PBXShellScriptBuildPhase;
			buildActionMask = 2147483647;
			files = (
			);
			inputPaths = (
			);
			name = Swiftlint;
			outputPaths = (
			);
			runOnlyForDeploymentPostprocessing = 0;
			shellPath = /bin/sh;
			shellScript = "if which swiftlint >/dev/null; then\nswiftlint\nelse\necho \"SwiftLint does not exist, download from https://github.com/realm/SwiftLint\"\nfi";
		};
		3A74D1F01150E1C4FA849058 /* [CP] Copy Pods Resources */ = {
			isa = PBXShellScriptBuildPhase;
			buildActionMask = 2147483647;
			files = (
			);
			inputPaths = (
			);
			name = "[CP] Copy Pods Resources";
			outputPaths = (
			);
			runOnlyForDeploymentPostprocessing = 0;
			shellPath = /bin/sh;
			shellScript = "\"${SRCROOT}/Pods/Target Support Files/Pods-FastlaneExampleUITests/Pods-FastlaneExampleUITests-resources.sh\"\n";
			showEnvVarsInLog = 0;
		};
		48D62B437A694EA24980CA3A /* [CP] Copy Pods Resources */ = {
			isa = PBXShellScriptBuildPhase;
			buildActionMask = 2147483647;
			files = (
			);
			inputPaths = (
			);
			name = "[CP] Copy Pods Resources";
			outputPaths = (
			);
			runOnlyForDeploymentPostprocessing = 0;
			shellPath = /bin/sh;
			shellScript = "\"${SRCROOT}/Pods/Target Support Files/Pods-FastlaneExampleTests/Pods-FastlaneExampleTests-resources.sh\"\n";
			showEnvVarsInLog = 0;
		};
		506BD6C3756CD270D1B20A95 /* [CP] Copy Pods Resources */ = {
			isa = PBXShellScriptBuildPhase;
			buildActionMask = 2147483647;
			files = (
			);
			inputPaths = (
			);
			name = "[CP] Copy Pods Resources";
			outputPaths = (
			);
			runOnlyForDeploymentPostprocessing = 0;
			shellPath = /bin/sh;
			shellScript = "\"${SRCROOT}/Pods/Target Support Files/Pods-FastlaneExample/Pods-FastlaneExample-resources.sh\"\n";
			showEnvVarsInLog = 0;
		};
		9163100E657F977DF97EA269 /* [CP] Embed Pods Frameworks */ = {
			isa = PBXShellScriptBuildPhase;
			buildActionMask = 2147483647;
			files = (
			);
			inputPaths = (
			);
			name = "[CP] Embed Pods Frameworks";
			outputPaths = (
			);
			runOnlyForDeploymentPostprocessing = 0;
			shellPath = /bin/sh;
			shellScript = "\"${SRCROOT}/Pods/Target Support Files/Pods-FastlaneExampleUITests/Pods-FastlaneExampleUITests-frameworks.sh\"\n";
			showEnvVarsInLog = 0;
		};
		D4155D41B7550A154745A50D /* [CP] Check Pods Manifest.lock */ = {
			isa = PBXShellScriptBuildPhase;
			buildActionMask = 2147483647;
			files = (
			);
			inputPaths = (
			);
			name = "[CP] Check Pods Manifest.lock";
			outputPaths = (
			);
			runOnlyForDeploymentPostprocessing = 0;
			shellPath = /bin/sh;
			shellScript = "diff \"${PODS_PODFILE_DIR_PATH}/Podfile.lock\" \"${PODS_ROOT}/Manifest.lock\" > /dev/null\nif [ $? != 0 ] ; then\n    # print error to STDERR\n    echo \"error: The sandbox is not in sync with the Podfile.lock. Run 'pod install' or update your CocoaPods installation.\" >&2\n    exit 1\nfi\n";
			showEnvVarsInLog = 0;
		};
		D70C686F6C07B5C4A9F80871 /* [CP] Check Pods Manifest.lock */ = {
			isa = PBXShellScriptBuildPhase;
			buildActionMask = 2147483647;
			files = (
			);
			inputPaths = (
			);
			name = "[CP] Check Pods Manifest.lock";
			outputPaths = (
			);
			runOnlyForDeploymentPostprocessing = 0;
			shellPath = /bin/sh;
			shellScript = "diff \"${PODS_PODFILE_DIR_PATH}/Podfile.lock\" \"${PODS_ROOT}/Manifest.lock\" > /dev/null\nif [ $? != 0 ] ; then\n    # print error to STDERR\n    echo \"error: The sandbox is not in sync with the Podfile.lock. Run 'pod install' or update your CocoaPods installation.\" >&2\n    exit 1\nfi\n";
			showEnvVarsInLog = 0;
		};
		DBC9319D2181D3360BECCA95 /* [CP] Embed Pods Frameworks */ = {
			isa = PBXShellScriptBuildPhase;
			buildActionMask = 2147483647;
			files = (
			);
			inputPaths = (
			);
			name = "[CP] Embed Pods Frameworks";
			outputPaths = (
			);
			runOnlyForDeploymentPostprocessing = 0;
			shellPath = /bin/sh;
			shellScript = "\"${SRCROOT}/Pods/Target Support Files/Pods-FastlaneExample/Pods-FastlaneExample-frameworks.sh\"\n";
			showEnvVarsInLog = 0;
		};
		ECCEBA4E85BF30B993093DBC /* [CP] Embed Pods Frameworks */ = {
			isa = PBXShellScriptBuildPhase;
			buildActionMask = 2147483647;
			files = (
			);
			inputPaths = (
			);
			name = "[CP] Embed Pods Frameworks";
			outputPaths = (
			);
			runOnlyForDeploymentPostprocessing = 0;
			shellPath = /bin/sh;
			shellScript = "\"${SRCROOT}/Pods/Target Support Files/Pods-FastlaneExampleTests/Pods-FastlaneExampleTests-frameworks.sh\"\n";
			showEnvVarsInLog = 0;
		};
		F5AB7F557471D5FAAC58DD3A /* [CP] Check Pods Manifest.lock */ = {
			isa = PBXShellScriptBuildPhase;
			buildActionMask = 2147483647;
			files = (
			);
			inputPaths = (
			);
			name = "[CP] Check Pods Manifest.lock";
			outputPaths = (
			);
			runOnlyForDeploymentPostprocessing = 0;
			shellPath = /bin/sh;
			shellScript = "diff \"${PODS_PODFILE_DIR_PATH}/Podfile.lock\" \"${PODS_ROOT}/Manifest.lock\" > /dev/null\nif [ $? != 0 ] ; then\n    # print error to STDERR\n    echo \"error: The sandbox is not in sync with the Podfile.lock. Run 'pod install' or update your CocoaPods installation.\" >&2\n    exit 1\nfi\n";
			showEnvVarsInLog = 0;
		};
/* End PBXShellScriptBuildPhase section */

/* Begin PBXSourcesBuildPhase section */
		30F0FD401EDD6FE5000E9A12 /* Sources */ = {
			isa = PBXSourcesBuildPhase;
			buildActionMask = 2147483647;
			files = (
				30F0FD821EDD7B0F000E9A12 /* Repository.swift in Sources */,
				30F0FD7C1EDD74AF000E9A12 /* String+UrlEscape.swift in Sources */,
				30F0FD861EDD7EDA000E9A12 /* RepositoriesViewModel.swift in Sources */,
				30F0FD801EDD7AEE000E9A12 /* User.swift in Sources */,
				3000785E1EDDAC91000C1649 /* JSONReader.swift in Sources */,
				30F0FD4A1EDD6FE6000E9A12 /* RepositoriesViewController.swift in Sources */,
				30F0FD761EDD71F3000E9A12 /* GitHub.swift in Sources */,
				30F0FD481EDD6FE6000E9A12 /* AppDelegate.swift in Sources */,
				30F0FD781EDD736D000E9A12 /* Networking.swift in Sources */,
				30F0FD891EDD8041000E9A12 /* RepositoriesError.swift in Sources */,
				30F0FD8E1EDD827F000E9A12 /* RepositoryItemViewModel.swift in Sources */,
				30F0FD911EDDA70A000E9A12 /* DetailTableViewCell.swift in Sources */,
			);
			runOnlyForDeploymentPostprocessing = 0;
		};
		30F0FD541EDD6FE6000E9A12 /* Sources */ = {
			isa = PBXSourcesBuildPhase;
			buildActionMask = 2147483647;
			files = (
				300078661EDDB439000C1649 /* RepositoryItemViewModelTests.swift in Sources */,
				3000785F1EDDAC91000C1649 /* JSONReader.swift in Sources */,
				30F0FD5D1EDD6FE6000E9A12 /* RepositoryTests.swift in Sources */,
				3000786A1EDDB61D000C1649 /* RepositoryItemViewModel.swift in Sources */,
				300078691EDDB606000C1649 /* User.swift in Sources */,
				300078681EDDB603000C1649 /* Repository.swift in Sources */,
			);
			runOnlyForDeploymentPostprocessing = 0;
		};
		30F0FD5F1EDD6FE6000E9A12 /* Sources */ = {
			isa = PBXSourcesBuildPhase;
			buildActionMask = 2147483647;
			files = (
				30F0FD681EDD6FE6000E9A12 /* FastlaneExampleUITests.swift in Sources */,
			);
			runOnlyForDeploymentPostprocessing = 0;
		};
/* End PBXSourcesBuildPhase section */

/* Begin PBXTargetDependency section */
		30F0FD651EDD6FE6000E9A12 /* PBXTargetDependency */ = {
			isa = PBXTargetDependency;
			target = 30F0FD431EDD6FE5000E9A12 /* FastlaneExample */;
			targetProxy = 30F0FD641EDD6FE6000E9A12 /* PBXContainerItemProxy */;
		};
/* End PBXTargetDependency section */

/* Begin PBXVariantGroup section */
		30F0FD501EDD6FE6000E9A12 /* LaunchScreen.storyboard */ = {
			isa = PBXVariantGroup;
			children = (
				30F0FD511EDD6FE6000E9A12 /* Base */,
			);
			name = LaunchScreen.storyboard;
			path = .;
			sourceTree = "<group>";
		};
/* End PBXVariantGroup section */

/* Begin XCBuildConfiguration section */
		30F0FD6A1EDD6FE6000E9A12 /* Debug */ = {
			isa = XCBuildConfiguration;
			buildSettings = {
				ALWAYS_SEARCH_USER_PATHS = NO;
				CLANG_ANALYZER_NONNULL = YES;
				CLANG_ANALYZER_NUMBER_OBJECT_CONVERSION = YES_AGGRESSIVE;
				CLANG_CXX_LANGUAGE_STANDARD = "gnu++0x";
				CLANG_CXX_LIBRARY = "libc++";
				CLANG_ENABLE_MODULES = YES;
				CLANG_ENABLE_OBJC_ARC = YES;
				CLANG_WARN_BOOL_CONVERSION = YES;
				CLANG_WARN_CONSTANT_CONVERSION = YES;
				CLANG_WARN_DIRECT_OBJC_ISA_USAGE = YES_ERROR;
				CLANG_WARN_DOCUMENTATION_COMMENTS = YES;
				CLANG_WARN_EMPTY_BODY = YES;
				CLANG_WARN_ENUM_CONVERSION = YES;
				CLANG_WARN_INFINITE_RECURSION = YES;
				CLANG_WARN_INT_CONVERSION = YES;
				CLANG_WARN_OBJC_ROOT_CLASS = YES_ERROR;
				CLANG_WARN_SUSPICIOUS_MOVE = YES;
				CLANG_WARN_UNREACHABLE_CODE = YES;
				CLANG_WARN__DUPLICATE_METHOD_MATCH = YES;
				"CODE_SIGN_IDENTITY[sdk=iphoneos*]" = "iPhone Developer";
				COPY_PHASE_STRIP = NO;
				DEBUG_INFORMATION_FORMAT = dwarf;
				ENABLE_STRICT_OBJC_MSGSEND = YES;
				ENABLE_TESTABILITY = YES;
				GCC_C_LANGUAGE_STANDARD = gnu99;
				GCC_DYNAMIC_NO_PIC = NO;
				GCC_NO_COMMON_BLOCKS = YES;
				GCC_OPTIMIZATION_LEVEL = 0;
				GCC_PREPROCESSOR_DEFINITIONS = (
					"DEBUG=1",
					"$(inherited)",
				);
				GCC_WARN_64_TO_32_BIT_CONVERSION = YES;
				GCC_WARN_ABOUT_RETURN_TYPE = YES_ERROR;
				GCC_WARN_UNDECLARED_SELECTOR = YES;
				GCC_WARN_UNINITIALIZED_AUTOS = YES_AGGRESSIVE;
				GCC_WARN_UNUSED_FUNCTION = YES;
				GCC_WARN_UNUSED_VARIABLE = YES;
				IPHONEOS_DEPLOYMENT_TARGET = 10.3;
				MTL_ENABLE_DEBUG_INFO = YES;
				ONLY_ACTIVE_ARCH = YES;
				SDKROOT = iphoneos;
				SWIFT_ACTIVE_COMPILATION_CONDITIONS = DEBUG;
				SWIFT_OPTIMIZATION_LEVEL = "-Onone";
				TARGETED_DEVICE_FAMILY = "1,2";
			};
			name = Debug;
		};
		30F0FD6B1EDD6FE6000E9A12 /* Release */ = {
			isa = XCBuildConfiguration;
			buildSettings = {
				ALWAYS_SEARCH_USER_PATHS = NO;
				CLANG_ANALYZER_NONNULL = YES;
				CLANG_ANALYZER_NUMBER_OBJECT_CONVERSION = YES_AGGRESSIVE;
				CLANG_CXX_LANGUAGE_STANDARD = "gnu++0x";
				CLANG_CXX_LIBRARY = "libc++";
				CLANG_ENABLE_MODULES = YES;
				CLANG_ENABLE_OBJC_ARC = YES;
				CLANG_WARN_BOOL_CONVERSION = YES;
				CLANG_WARN_CONSTANT_CONVERSION = YES;
				CLANG_WARN_DIRECT_OBJC_ISA_USAGE = YES_ERROR;
				CLANG_WARN_DOCUMENTATION_COMMENTS = YES;
				CLANG_WARN_EMPTY_BODY = YES;
				CLANG_WARN_ENUM_CONVERSION = YES;
				CLANG_WARN_INFINITE_RECURSION = YES;
				CLANG_WARN_INT_CONVERSION = YES;
				CLANG_WARN_OBJC_ROOT_CLASS = YES_ERROR;
				CLANG_WARN_SUSPICIOUS_MOVE = YES;
				CLANG_WARN_UNREACHABLE_CODE = YES;
				CLANG_WARN__DUPLICATE_METHOD_MATCH = YES;
				"CODE_SIGN_IDENTITY[sdk=iphoneos*]" = "iPhone Developer";
				COPY_PHASE_STRIP = NO;
				DEBUG_INFORMATION_FORMAT = "dwarf-with-dsym";
				ENABLE_NS_ASSERTIONS = NO;
				ENABLE_STRICT_OBJC_MSGSEND = YES;
				GCC_C_LANGUAGE_STANDARD = gnu99;
				GCC_NO_COMMON_BLOCKS = YES;
				GCC_WARN_64_TO_32_BIT_CONVERSION = YES;
				GCC_WARN_ABOUT_RETURN_TYPE = YES_ERROR;
				GCC_WARN_UNDECLARED_SELECTOR = YES;
				GCC_WARN_UNINITIALIZED_AUTOS = YES_AGGRESSIVE;
				GCC_WARN_UNUSED_FUNCTION = YES;
				GCC_WARN_UNUSED_VARIABLE = YES;
				IPHONEOS_DEPLOYMENT_TARGET = 10.3;
				MTL_ENABLE_DEBUG_INFO = NO;
				SDKROOT = iphoneos;
				SWIFT_OPTIMIZATION_LEVEL = "-Owholemodule";
				TARGETED_DEVICE_FAMILY = "1,2";
				VALIDATE_PRODUCT = YES;
			};
			name = Release;
		};
		30F0FD6D1EDD6FE6000E9A12 /* Debug */ = {
			isa = XCBuildConfiguration;
			baseConfigurationReference = DFEDAA2A2C507BD68DB1DCDB /* Pods-FastlaneExample.debug.xcconfig */;
			buildSettings = {
				ASSETCATALOG_COMPILER_APPICON_NAME = AppIcon;
				DEVELOPMENT_TEAM = 995D5UJTTW;
				INFOPLIST_FILE = FastlaneExample/Resources/Info.plist;
				LD_RUNPATH_SEARCH_PATHS = "$(inherited) @executable_path/Frameworks";
				PRODUCT_BUNDLE_IDENTIFIER = xyz.swiftaveiro.ivanbruel.FastlaneExample;
				PRODUCT_NAME = "$(TARGET_NAME)";
				PROVISIONING_PROFILE = "5bf37cb4-c961-4f06-8f37-b7eff43fe71c";
				PROVISIONING_PROFILE_SPECIFIER = "match Development xyz.swiftaveiro.ivanbruel.FastlaneExample";
				SWIFT_VERSION = 3.0;
			};
			name = Debug;
		};
		30F0FD6E1EDD6FE6000E9A12 /* Release */ = {
			isa = XCBuildConfiguration;
			baseConfigurationReference = EBEBF8158CA5D5370582D9B1 /* Pods-FastlaneExample.release.xcconfig */;
			buildSettings = {
				ASSETCATALOG_COMPILER_APPICON_NAME = AppIcon;
				"CODE_SIGN_IDENTITY[sdk=iphoneos*]" = "iPhone Distribution";
				DEVELOPMENT_TEAM = 995D5UJTTW;
				INFOPLIST_FILE = FastlaneExample/Resources/Info.plist;
				LD_RUNPATH_SEARCH_PATHS = "$(inherited) @executable_path/Frameworks";
				PRODUCT_BUNDLE_IDENTIFIER = xyz.swiftaveiro.ivanbruel.FastlaneExample;
				PRODUCT_NAME = "$(TARGET_NAME)";
				PROVISIONING_PROFILE = "c46634a5-99a7-4779-b508-47fe4856f0a9";
				PROVISIONING_PROFILE_SPECIFIER = "match AppStore xyz.swiftaveiro.ivanbruel.FastlaneExample";
				SWIFT_VERSION = 3.0;
			};
			name = Release;
		};
		30F0FD701EDD6FE6000E9A12 /* Debug */ = {
			isa = XCBuildConfiguration;
			baseConfigurationReference = 3D6DAC84EEE5C5032B4D7163 /* Pods-FastlaneExampleTests.debug.xcconfig */;
			buildSettings = {
				DEVELOPMENT_TEAM = 995D5UJTTW;
				INFOPLIST_FILE = FastlaneExampleTests/Info.plist;
				LD_RUNPATH_SEARCH_PATHS = "$(inherited) @executable_path/Frameworks @loader_path/Frameworks";
				PRODUCT_BUNDLE_IDENTIFIER = xyz.swiftaveiro.FastlaneExampleTests;
				PRODUCT_NAME = "$(TARGET_NAME)";
				SWIFT_VERSION = 3.0;
			};
			name = Debug;
		};
		30F0FD711EDD6FE6000E9A12 /* Release */ = {
			isa = XCBuildConfiguration;
			baseConfigurationReference = 7A8F6422CA9909B22F95E19C /* Pods-FastlaneExampleTests.release.xcconfig */;
			buildSettings = {
				DEVELOPMENT_TEAM = 995D5UJTTW;
				INFOPLIST_FILE = FastlaneExampleTests/Info.plist;
				LD_RUNPATH_SEARCH_PATHS = "$(inherited) @executable_path/Frameworks @loader_path/Frameworks";
				PRODUCT_BUNDLE_IDENTIFIER = xyz.swiftaveiro.FastlaneExampleTests;
				PRODUCT_NAME = "$(TARGET_NAME)";
				SWIFT_VERSION = 3.0;
			};
			name = Release;
		};
		30F0FD731EDD6FE6000E9A12 /* Debug */ = {
			isa = XCBuildConfiguration;
			baseConfigurationReference = DC08A3DAA8422475C7788F41 /* Pods-FastlaneExampleUITests.debug.xcconfig */;
			buildSettings = {
				DEVELOPMENT_TEAM = 995D5UJTTW;
				INFOPLIST_FILE = FastlaneExampleUITests/Info.plist;
				LD_RUNPATH_SEARCH_PATHS = "$(inherited) @executable_path/Frameworks @loader_path/Frameworks";
				PRODUCT_BUNDLE_IDENTIFIER = xyz.swiftaveiro.FastlaneExampleUITests;
				PRODUCT_NAME = "$(TARGET_NAME)";
				SWIFT_VERSION = 3.0;
				TEST_TARGET_NAME = FastlaneExample;
			};
			name = Debug;
		};
		30F0FD741EDD6FE6000E9A12 /* Release */ = {
			isa = XCBuildConfiguration;
			baseConfigurationReference = 8F1E4BBB6BFF9D6ED69D78F8 /* Pods-FastlaneExampleUITests.release.xcconfig */;
			buildSettings = {
				DEVELOPMENT_TEAM = 995D5UJTTW;
				INFOPLIST_FILE = FastlaneExampleUITests/Info.plist;
				LD_RUNPATH_SEARCH_PATHS = "$(inherited) @executable_path/Frameworks @loader_path/Frameworks";
				PRODUCT_BUNDLE_IDENTIFIER = xyz.swiftaveiro.FastlaneExampleUITests;
				PRODUCT_NAME = "$(TARGET_NAME)";
				SWIFT_VERSION = 3.0;
				TEST_TARGET_NAME = FastlaneExample;
			};
			name = Release;
		};
/* End XCBuildConfiguration section */

/* Begin XCConfigurationList section */
		30F0FD3F1EDD6FE5000E9A12 /* Build configuration list for PBXProject "FastlaneExample" */ = {
			isa = XCConfigurationList;
			buildConfigurations = (
				30F0FD6A1EDD6FE6000E9A12 /* Debug */,
				30F0FD6B1EDD6FE6000E9A12 /* Release */,
			);
			defaultConfigurationIsVisible = 0;
			defaultConfigurationName = Release;
		};
		30F0FD6C1EDD6FE6000E9A12 /* Build configuration list for PBXNativeTarget "FastlaneExample" */ = {
			isa = XCConfigurationList;
			buildConfigurations = (
				30F0FD6D1EDD6FE6000E9A12 /* Debug */,
				30F0FD6E1EDD6FE6000E9A12 /* Release */,
			);
			defaultConfigurationIsVisible = 0;
			defaultConfigurationName = Release;
		};
		30F0FD6F1EDD6FE6000E9A12 /* Build configuration list for PBXNativeTarget "FastlaneExampleTests" */ = {
			isa = XCConfigurationList;
			buildConfigurations = (
				30F0FD701EDD6FE6000E9A12 /* Debug */,
				30F0FD711EDD6FE6000E9A12 /* Release */,
			);
			defaultConfigurationIsVisible = 0;
			defaultConfigurationName = Release;
		};
		30F0FD721EDD6FE6000E9A12 /* Build configuration list for PBXNativeTarget "FastlaneExampleUITests" */ = {
			isa = XCConfigurationList;
			buildConfigurations = (
				30F0FD731EDD6FE6000E9A12 /* Debug */,
				30F0FD741EDD6FE6000E9A12 /* Release */,
			);
			defaultConfigurationIsVisible = 0;
			defaultConfigurationName = Release;
		};
/* End XCConfigurationList section */
	};
	rootObject = 30F0FD3C1EDD6FE5000E9A12 /* Project object */;
}
